
Microsoft Visual Studio Solution File, Format Version 12.00
Project("{FAE04EC0-301F-11D3-BF4B-00C04F79EFBC}") = "TemporalDemo", "TemporalDemo\TemporalDemo.csproj", "{F887AB8D-8F9E-4395-9C0D-A39A6461F8E9}"
EndProject
Global
	GlobalSection(SolutionConfigurationPlatforms) = preSolution
		Debug|Any CPU = Debug|Any CPU
		Release|Any CPU = Release|Any CPU
	EndGlobalSection
	GlobalSection(ProjectConfigurationPlatforms) = postSolution
		{F887AB8D-8F9E-4395-9C0D-A39A6461F8E9}.Debug|Any CPU.ActiveCfg = Debug|Any CPU
		{F887AB8D-8F9E-4395-9C0D-A39A6461F8E9}.Debug|Any CPU.Build.0 = Debug|Any CPU
		{F887AB8D-8F9E-4395-9C0D-A39A6461F8E9}.Release|Any CPU.ActiveCfg = Release|Any CPU
		{F887AB8D-8F9E-4395-9C0D-A39A6461F8E9}.Release|Any CPU.Build.0 = Release|Any CPU
	EndGlobalSection
EndGlobal
